
Microsoft Visual Studio Solution File, Format Version 12.00
# Visual Studio Version 17
VisualStudioVersion = 17.12.35527.113
MinimumVisualStudioVersion = 10.0.40219.1
Project("{FAE04EC0-301F-11D3-BF4B-00C04F79EFBC}") = "TurboProject.BusinessLayer", "TurboProject.BusinessLayer\TurboProject.BusinessLayer.csproj", "{FDFFFD89-BBEE-4A65-BDDC-B588EEAB968F}"
EndProject
Project("{FAE04EC0-301F-11D3-BF4B-00C04F79EFBC}") = "TurboProject.DataLayer", "TurboProject.DataLayer\TurboProject.DataLayer.csproj", "{6030047B-1B9A-4955-8360-600B3C3D9748}"
EndProject
Project("{FAE04EC0-301F-11D3-BF4B-00C04F79EFBC}") = "TurboProject.APILayer", "TurboProject.APILayer\TurboProject.APILayer.csproj", "{1577BFB0-EA2B-4481-9538-2F535EE01181}"
EndProject
Project("{FAE04EC0-301F-11D3-BF4B-00C04F79EFBC}") = "TurboProject.DomainLayer", "TurboProject.DomainLayer\TurboProject.DomainLayer.csproj", "{B971255E-E1C0-4A9B-8B21-D4D8BF7E6660}"
EndProject
Global
	GlobalSection(SolutionConfigurationPlatforms) = preSolution
		Debug|Any CPU = Debug|Any CPU
		Release|Any CPU = Release|Any CPU
	EndGlobalSection
	GlobalSection(ProjectConfigurationPlatforms) = postSolution
		{FDFFFD89-BBEE-4A65-BDDC-B588EEAB968F}.Debug|Any CPU.ActiveCfg = Debug|Any CPU
		{FDFFFD89-BBEE-4A65-BDDC-B588EEAB968F}.Debug|Any CPU.Build.0 = Debug|Any CPU
		{FDFFFD89-BBEE-4A65-BDDC-B588EEAB968F}.Release|Any CPU.ActiveCfg = Release|Any CPU
		{FDFFFD89-BBEE-4A65-BDDC-B588EEAB968F}.Release|Any CPU.Build.0 = Release|Any CPU
		{6030047B-1B9A-4955-8360-600B3C3D9748}.Debug|Any CPU.ActiveCfg = Debug|Any CPU
		{6030047B-1B9A-4955-8360-600B3C3D9748}.Debug|Any CPU.Build.0 = Debug|Any CPU
		{6030047B-1B9A-4955-8360-600B3C3D9748}.Release|Any CPU.ActiveCfg = Release|Any CPU
		{6030047B-1B9A-4955-8360-600B3C3D9748}.Release|Any CPU.Build.0 = Release|Any CPU
		{1577BFB0-EA2B-4481-9538-2F535EE01181}.Debug|Any CPU.ActiveCfg = Debug|Any CPU
		{1577BFB0-EA2B-4481-9538-2F535EE01181}.Debug|Any CPU.Build.0 = Debug|Any CPU
		{1577BFB0-EA2B-4481-9538-2F535EE01181}.Release|Any CPU.ActiveCfg = Release|Any CPU
		{1577BFB0-EA2B-4481-9538-2F535EE01181}.Release|Any CPU.Build.0 = Release|Any CPU
		{B971255E-E1C0-4A9B-8B21-D4D8BF7E6660}.Debug|Any CPU.ActiveCfg = Debug|Any CPU
		{B971255E-E1C0-4A9B-8B21-D4D8BF7E6660}.Debug|Any CPU.Build.0 = Debug|Any CPU
		{B971255E-E1C0-4A9B-8B21-D4D8BF7E6660}.Release|Any CPU.ActiveCfg = Release|Any CPU
		{B971255E-E1C0-4A9B-8B21-D4D8BF7E6660}.Release|Any CPU.Build.0 = Release|Any CPU
	EndGlobalSection
	GlobalSection(SolutionProperties) = preSolution
		HideSolutionNode = FALSE
	EndGlobalSection
EndGlobal
